// !$*UTF8*$!
{
	archiveVersion = 1;
	classes = {
	};
	objectVersion = 46;
	objects = {

/* Begin PBXBuildFile section */
		8C5393911B95A66E00605841 /* main.m in Sources */ = {isa = PBXBuildFile; fileRef = 8C5393901B95A66E00605841 /* main.m */; };
		8C5393941B95A66E00605841 /* AppDelegate.m in Sources */ = {isa = PBXBuildFile; fileRef = 8C5393931B95A66E00605841 /* AppDelegate.m */; };
		8C5393971B95A66E00605841 /* ViewController.m in Sources */ = {isa = PBXBuildFile; fileRef = 8C5393961B95A66E00605841 /* ViewController.m */; };
		8C53939A1B95A66E00605841 /* Main.storyboard in Resources */ = {isa = PBXBuildFile; fileRef = 8C5393981B95A66E00605841 /* Main.storyboard */; };
		8C53939C1B95A66E00605841 /* Images.xcassets in Resources */ = {isa = PBXBuildFile; fileRef = 8C53939B1B95A66E00605841 /* Images.xcassets */; };
		8C53939F1B95A66E00605841 /* LaunchScreen.xib in Resources */ = {isa = PBXBuildFile; fileRef = 8C53939D1B95A66E00605841 /* LaunchScreen.xib */; };
		8C5393AB1B95A66E00605841 /* DynamicCellTests.m in Sources */ = {isa = PBXBuildFile; fileRef = 8C5393AA1B95A66E00605841 /* DynamicCellTests.m */; };
		8C5393B61B95A6EC00605841 /* CustomCell.m in Sources */ = {isa = PBXBuildFile; fileRef = 8C5393B51B95A6EC00605841 /* CustomCell.m */; };
		8C5393B81B95BF1D00605841 /* forest.jpg in Resources */ = {isa = PBXBuildFile; fileRef = 8C5393B71B95BF1D00605841 /* forest.jpg */; };
/* End PBXBuildFile section */

/* Begin PBXContainerItemProxy section */
		8C5393A51B95A66E00605841 /* PBXContainerItemProxy */ = {
			isa = PBXContainerItemProxy;
			containerPortal = 8C5393831B95A66E00605841 /* Project object */;
			proxyType = 1;
			remoteGlobalIDString = 8C53938A1B95A66E00605841;
			remoteInfo = DynamicCell;
		};
/* End PBXContainerItemProxy section */

/* Begin PBXFileReference section */
		8C53938B1B95A66E00605841 /* DynamicCell.app */ = {isa = PBXFileReference; explicitFileType = wrapper.application; includeInIndex = 0; path = DynamicCell.app; sourceTree = BUILT_PRODUCTS_DIR; };
		8C53938F1B95A66E00605841 /* Info.plist */ = {isa = PBXFileReference; lastKnownFileType = text.plist.xml; path = Info.plist; sourceTree = "<group>"; };
		8C5393901B95A66E00605841 /* main.m */ = {isa = PBXFileReference; lastKnownFileType = sourcecode.c.objc; path = main.m; sourceTree = "<group>"; };
		8C5393921B95A66E00605841 /* AppDelegate.h */ = {isa = PBXFileReference; lastKnownFileType = sourcecode.c.h; path = AppDelegate.h; sourceTree = "<group>"; };
		8C5393931B95A66E00605841 /* AppDelegate.m */ = {isa = PBXFileReference; lastKnownFileType = sourcecode.c.objc; path = AppDelegate.m; sourceTree = "<group>"; };
		8C5393951B95A66E00605841 /* ViewController.h */ = {isa = PBXFileReference; lastKnownFileType = sourcecode.c.h; path = ViewController.h; sourceTree = "<group>"; };
		8C5393961B95A66E00605841 /* ViewController.m */ = {isa = PBXFileReference; lastKnownFileType = sourcecode.c.objc; path = ViewController.m; sourceTree = "<group>"; };
		8C5393991B95A66E00605841 /* Base */ = {isa = PBXFileReference; lastKnownFileType = file.storyboard; name = Base; path = Base.lproj/Main.storyboard; sourceTree = "<group>"; };
		8C53939B1B95A66E00605841 /* Images.xcassets */ = {isa = PBXFileReference; lastKnownFileType = folder.assetcatalog; path = Images.xcassets; sourceTree = "<group>"; };
		8C53939E1B95A66E00605841 /* Base */ = {isa = PBXFileReference; lastKnownFileType = file.xib; name = Base; path = Base.lproj/LaunchScreen.xib; sourceTree = "<group>"; };
		8C5393A41B95A66E00605841 /* DynamicCellTests.xctest */ = {isa = PBXFileReference; explicitFileType = wrapper.cfbundle; includeInIndex = 0; path = DynamicCellTests.xctest; sourceTree = BUILT_PRODUCTS_DIR; };
		8C5393A91B95A66E00605841 /* Info.plist */ = {isa = PBXFileReference; lastKnownFileType = text.plist.xml; path = Info.plist; sourceTree = "<group>"; };
		8C5393AA1B95A66E00605841 /* DynamicCellTests.m */ = {isa = PBXFileReference; lastKnownFileType = sourcecode.c.objc; path = DynamicCellTests.m; sourceTree = "<group>"; };
		8C5393B41B95A6EC00605841 /* CustomCell.h */ = {isa = PBXFileReference; fileEncoding = 4; lastKnownFileType = sourcecode.c.h; path = CustomCell.h; sourceTree = "<group>"; };
		8C5393B51B95A6EC00605841 /* CustomCell.m */ = {isa = PBXFileReference; fileEncoding = 4; lastKnownFileType = sourcecode.c.objc; path = CustomCell.m; sourceTree = "<group>"; };
		8C5393B71B95BF1D00605841 /* forest.jpg */ = {isa = PBXFileReference; lastKnownFileType = image.jpeg; name = forest.jpg; path = "../../../../Upwork(Yurii)/Portrait/forest.jpg"; sourceTree = "<group>"; };
/* End PBXFileReference section */

/* Begin PBXFrameworksBuildPhase section */
		8C5393881B95A66E00605841 /* Frameworks */ = {
			isa = PBXFrameworksBuildPhase;
			buildActionMask = 2147483647;
			files = (
			);
			runOnlyForDeploymentPostprocessing = 0;
		};
		8C5393A11B95A66E00605841 /* Frameworks */ = {
			isa = PBXFrameworksBuildPhase;
			buildActionMask = 2147483647;
			files = (
			);
			runOnlyForDeploymentPostprocessing = 0;
		};
/* End PBXFrameworksBuildPhase section */

/* Begin PBXGroup section */
		8C5393821B95A66E00605841 = {
			isa = PBXGroup;
			children = (
				8C53938D1B95A66E00605841 /* DynamicCell */,
				8C5393A71B95A66E00605841 /* DynamicCellTests */,
				8C53938C1B95A66E00605841 /* Products */,
			);
			sourceTree = "<group>";
		};
		8C53938C1B95A66E00605841 /* Products */ = {
			isa = PBXGroup;
			children = (
				8C53938B1B95A66E00605841 /* DynamicCell.app */,
				8C5393A41B95A66E00605841 /* DynamicCellTests.xctest */,
			);
			name = Products;
			sourceTree = "<group>";
		};
		8C53938D1B95A66E00605841 /* DynamicCell */ = {
			isa = PBXGroup;
			children = (
				8C5393B71B95BF1D00605841 /* forest.jpg */,
				8C5393921B95A66E00605841 /* AppDelegate.h */,
				8C5393931B95A66E00605841 /* AppDelegate.m */,
				8C5393951B95A66E00605841 /* ViewController.h */,
				8C5393961B95A66E00605841 /* ViewController.m */,
				8C5393B41B95A6EC00605841 /* CustomCell.h */,
				8C5393B51B95A6EC00605841 /* CustomCell.m */,
				8C5393981B95A66E00605841 /* Main.storyboard */,
				8C53939B1B95A66E00605841 /* Images.xcassets */,
				8C53939D1B95A66E00605841 /* LaunchScreen.xib */,
				8C53938E1B95A66E00605841 /* Supporting Files */,
			);
			path = DynamicCell;
			sourceTree = "<group>";
		};
		8C53938E1B95A66E00605841 /* Supporting Files */ = {
			isa = PBXGroup;
			children = (
				8C53938F1B95A66E00605841 /* Info.plist */,
				8C5393901B95A66E00605841 /* main.m */,
			);
			name = "Supporting Files";
			sourceTree = "<group>";
		};
		8C5393A71B95A66E00605841 /* DynamicCellTests */ = {
			isa = PBXGroup;
			children = (
				8C5393AA1B95A66E00605841 /* DynamicCellTests.m */,
				8C5393A81B95A66E00605841 /* Supporting Files */,
			);
			path = DynamicCellTests;
			sourceTree = "<group>";
		};
		8C5393A81B95A66E00605841 /* Supporting Files */ = {
			isa = PBXGroup;
			children = (
				8C5393A91B95A66E00605841 /* Info.plist */,
			);
			name = "Supporting Files";
			sourceTree = "<group>";
		};
/* End PBXGroup section */

/* Begin PBXNativeTarget section */
		8C53938A1B95A66E00605841 /* DynamicCell */ = {
			isa = PBXNativeTarget;
			buildConfigurationList = 8C5393AE1B95A66E00605841 /* Build configuration list for PBXNativeTarget "DynamicCell" */;
			buildPhases = (
				8C5393871B95A66E00605841 /* Sources */,
				8C5393881B95A66E00605841 /* Frameworks */,
				8C5393891B95A66E00605841 /* Resources */,
			);
			buildRules = (
			);
			dependencies = (
			);
			name = DynamicCell;
			productName = DynamicCell;
			productReference = 8C53938B1B95A66E00605841 /* DynamicCell.app */;
			productType = "com.apple.product-type.application";
		};
		8C5393A31B95A66E00605841 /* DynamicCellTests */ = {
			isa = PBXNativeTarget;
			buildConfigurationList = 8C5393B11B95A66E00605841 /* Build configuration list for PBXNativeTarget "DynamicCellTests" */;
			buildPhases = (
				8C5393A01B95A66E00605841 /* Sources */,
				8C5393A11B95A66E00605841 /* Frameworks */,
				8C5393A21B95A66E00605841 /* Resources */,
			);
			buildRules = (
			);
			dependencies = (
				8C5393A61B95A66E00605841 /* PBXTargetDependency */,
			);
			name = DynamicCellTests;
			productName = DynamicCellTests;
			productReference = 8C5393A41B95A66E00605841 /* DynamicCellTests.xctest */;
			productType = "com.apple.product-type.bundle.unit-test";
		};
/* End PBXNativeTarget section */

/* Begin PBXProject section */
		8C5393831B95A66E00605841 /* Project object */ = {
			isa = PBXProject;
			attributes = {
				LastUpgradeCheck = 0640;
				ORGANIZATIONNAME = monkey;
				TargetAttributes = {
					8C53938A1B95A66E00605841 = {
						CreatedOnToolsVersion = 6.4;
					};
					8C5393A31B95A66E00605841 = {
						CreatedOnToolsVersion = 6.4;
						TestTargetID = 8C53938A1B95A66E00605841;
					};
				};
			};
			buildConfigurationList = 8C5393861B95A66E00605841 /* Build configuration list for PBXProject "DynamicCell" */;
			compatibilityVersion = "Xcode 3.2";
			developmentRegion = English;
			hasScannedForEncodings = 0;
			knownRegions = (
				en,
				Base,
			);
			mainGroup = 8C5393821B95A66E00605841;
			productRefGroup = 8C53938C1B95A66E00605841 /* Products */;
			projectDirPath = "";
			projectRoot = "";
			targets = (
				8C53938A1B95A66E00605841 /* DynamicCell */,
				8C5393A31B95A66E00605841 /* DynamicCellTests */,
			);
		};
/* End PBXProject section */

/* Begin PBXResourcesBuildPhase section */
		8C5393891B95A66E00605841 /* Resources */ = {
			isa = PBXResourcesBuildPhase;
			buildActionMask = 2147483647;
			files = (
				8C5393B81B95BF1D00605841 /* forest.jpg in Resources */,
				8C53939A1B95A66E00605841 /* Main.storyboard in Resources */,
				8C53939F1B95A66E00605841 /* LaunchScreen.xib in Resources */,
				8C53939C1B95A66E00605841 /* Images.xcassets in Resources */,
			);
			runOnlyForDeploymentPostprocessing = 0;
		};
		8C5393A21B95A66E00605841 /* Resources */ = {
			isa = PBXResourcesBuildPhase;
			buildActionMask = 2147483647;
			files = (
			);
			runOnlyForDeploymentPostprocessing = 0;
		};
/* End PBXResourcesBuildPhase section */

/* Begin PBXSourcesBuildPhase section */
		8C5393871B95A66E00605841 /* Sources */ = {
			isa = PBXSourcesBuildPhase;
			buildActionMask = 2147483647;
			files = (
				8C5393971B95A66E00605841 /* ViewController.m in Sources */,
				8C5393941B95A66E00605841 /* AppDelegate.m in Sources */,
				8C5393B61B95A6EC00605841 /* CustomCell.m in Sources */,
				8C5393911B95A66E00605841 /* main.m in Sources */,
			);
			runOnlyForDeploymentPostprocessing = 0;
		};
		8C5393A01B95A66E00605841 /* Sources */ = {
			isa = PBXSourcesBuildPhase;
			buildActionMask = 2147483647;
			files = (
				8C5393AB1B95A66E00605841 /* DynamicCellTests.m in Sources */,
			);
			runOnlyForDeploymentPostprocessing = 0;
		};
/* End PBXSourcesBuildPhase section */

/* Begin PBXTargetDependency section */
		8C5393A61B95A66E00605841 /* PBXTargetDependency */ = {
			isa = PBXTargetDependency;
			target = 8C53938A1B95A66E00605841 /* DynamicCell */;
			targetProxy = 8C5393A51B95A66E00605841 /* PBXContainerItemProxy */;
		};
/* End PBXTargetDependency section */

/* Begin PBXVariantGroup section */
		8C5393981B95A66E00605841 /* Main.storyboard */ = {
			isa = PBXVariantGroup;
			children = (
				8C5393991B95A66E00605841 /* Base */,
			);
			name = Main.storyboard;
			sourceTree = "<group>";
		};
		8C53939D1B95A66E00605841 /* LaunchScreen.xib */ = {
			isa = PBXVariantGroup;
			children = (
				8C53939E1B95A66E00605841 /* Base */,
			);
			name = LaunchScreen.xib;
			sourceTree = "<group>";
		};
/* End PBXVariantGroup section */

/* Begin XCBuildConfiguration section */
		8C5393AC1B95A66E00605841 /* Debug */ = {
			isa = XCBuildConfiguration;
			buildSettings = {
				ALWAYS_SEARCH_USER_PATHS = NO;
				CLANG_CXX_LANGUAGE_STANDARD = "gnu++0x";
				CLANG_CXX_LIBRARY = "libc++";
				CLANG_ENABLE_MODULES = YES;
				CLANG_ENABLE_OBJC_ARC = YES;
				CLANG_WARN_BOOL_CONVERSION = YES;
				CLANG_WARN_CONSTANT_CONVERSION = YES;
				CLANG_WARN_DIRECT_OBJC_ISA_USAGE = YES_ERROR;
				CLANG_WARN_EMPTY_BODY = YES;
				CLANG_WARN_ENUM_CONVERSION = YES;
				CLANG_WARN_INT_CONVERSION = YES;
				CLANG_WARN_OBJC_ROOT_CLASS = YES_ERROR;
				CLANG_WARN_UNREACHABLE_CODE = YES;
				CLANG_WARN__DUPLICATE_METHOD_MATCH = YES;
				"CODE_SIGN_IDENTITY[sdk=iphoneos*]" = "iPhone Developer";
				COPY_PHASE_STRIP = NO;
				DEBUG_INFORMATION_FORMAT = "dwarf-with-dsym";
				ENABLE_STRICT_OBJC_MSGSEND = YES;
				GCC_C_LANGUAGE_STANDARD = gnu99;
				GCC_DYNAMIC_NO_PIC = NO;
				GCC_NO_COMMON_BLOCKS = YES;
				GCC_OPTIMIZATION_LEVEL = 0;
				GCC_PREPROCESSOR_DEFINITIONS = (
					"DEBUG=1",
					"$(inherited)",
				);
				GCC_SYMBOLS_PRIVATE_EXTERN = NO;
				GCC_WARN_64_TO_32_BIT_CONVERSION = YES;
				GCC_WARN_ABOUT_RETURN_TYPE = YES_ERROR;
				GCC_WARN_UNDECLARED_SELECTOR = YES;
				GCC_WARN_UNINITIALIZED_AUTOS = YES_AGGRESSIVE;
				GCC_WARN_UNUSED_FUNCTION = YES;
				GCC_WARN_UNUSED_VARIABLE = YES;
				IPHONEOS_DEPLOYMENT_TARGET = 8.4;
				MTL_ENABLE_DEBUG_INFO = YES;
				ONLY_ACTIVE_ARCH = YES;
				SDKROOT = iphoneos;
			};
			name = Debug;
		};
		8C5393AD1B95A66E00605841 /* Release */ = {
			isa = XCBuildConfiguration;
			buildSettings = {
				ALWAYS_SEARCH_USER_PATHS = NO;
				CLANG_CXX_LANGUAGE_STANDARD = "gnu++0x";
				CLANG_CXX_LIBRARY = "libc++";
				CLANG_ENABLE_MODULES = YES;
				CLANG_ENABLE_OBJC_ARC = YES;
				CLANG_WARN_BOOL_CONVERSION = YES;
				CLANG_WARN_CONSTANT_CONVERSION = YES;
				CLANG_WARN_DIRECT_OBJC_ISA_USAGE = YES_ERROR;
				CLANG_WARN_EMPTY_BODY = YES;
				CLANG_WARN_ENUM_CONVERSION = YES;
				CLANG_WARN_INT_CONVERSION = YES;
				CLANG_WARN_OBJC_ROOT_CLASS = YES_ERROR;
				CLANG_WARN_UNREACHABLE_CODE = YES;
				CLANG_WARN__DUPLICATE_METHOD_MATCH = YES;
				"CODE_SIGN_IDENTITY[sdk=iphoneos*]" = "iPhone Developer";
				COPY_PHASE_STRIP = NO;
				DEBUG_INFORMATION_FORMAT = "dwarf-with-dsym";
				ENABLE_NS_ASSERTIONS = NO;
				ENABLE_STRICT_OBJC_MSGSEND = YES;
				GCC_C_LANGUAGE_STANDARD = gnu99;
				GCC_NO_COMMON_BLOCKS = YES;
				GCC_WARN_64_TO_32_BIT_CONVERSION = YES;
				GCC_WARN_ABOUT_RETURN_TYPE = YES_ERROR;
				GCC_WARN_UNDECLARED_SELECTOR = YES;
				GCC_WARN_UNINITIALIZED_AUTOS = YES_AGGRESSIVE;
				GCC_WARN_UNUSED_FUNCTION = YES;
				GCC_WARN_UNUSED_VARIABLE = YES;
				IPHONEOS_DEPLOYMENT_TARGET = 8.4;
				MTL_ENABLE_DEBUG_INFO = NO;
				SDKROOT = iphoneos;
				VALIDATE_PRODUCT = YES;
			};
			name = Release;
		};
		8C5393AF1B95A66E00605841 /* Debug */ = {
			isa = XCBuildConfiguration;
			buildSettings = {
				ASSETCATALOG_COMPILER_APPICON_NAME = AppIcon;
				INFOPLIST_FILE = DynamicCell/Info.plist;
				LD_RUNPATH_SEARCH_PATHS = "$(inherited) @executable_path/Frameworks";
				PRODUCT_NAME = "$(TARGET_NAME)";
			};
			name = Debug;
		};
		8C5393B01B95A66E00605841 /* Release */ = {
			isa = XCBuildConfiguration;
			buildSettings = {
				ASSETCATALOG_COMPILER_APPICON_NAME = AppIcon;
				INFOPLIST_FILE = DynamicCell/Info.plist;
				LD_RUNPATH_SEARCH_PATHS = "$(inherited) @executable_path/Frameworks";
				PRODUCT_NAME = "$(TARGET_NAME)";
			};
			name = Release;
		};
		8C5393B21B95A66E00605841 /* Debug */ = {
			isa = XCBuildConfiguration;
			buildSettings = {
				BUNDLE_LOADER = "$(TEST_HOST)";
				FRAMEWORK_SEARCH_PATHS = (
					"$(SDKROOT)/Developer/Library/Frameworks",
					"$(inherited)",
				);
				GCC_PREPROCESSOR_DEFINITIONS = (
					"DEBUG=1",
					"$(inherited)",
				);
				INFOPLIST_FILE = DynamicCellTests/Info.plist;
				LD_RUNPATH_SEARCH_PATHS = "$(inherited) @executable_path/Frameworks @loader_path/Frameworks";
				PRODUCT_NAME = "$(TARGET_NAME)";
				TEST_HOST = "$(BUILT_PRODUCTS_DIR)/DynamicCell.app/DynamicCell";
			};
			name = Debug;
		};
		8C5393B31B95A66E00605841 /* Release */ = {
			isa = XCBuildConfiguration;
			buildSettings = {
				BUNDLE_LOADER = "$(TEST_HOST)";
				FRAMEWORK_SEARCH_PATHS = (
					"$(SDKROOT)/Developer/Library/Frameworks",
					"$(inherited)",
				);
				INFOPLIST_FILE = DynamicCellTests/Info.plist;
				LD_RUNPATH_SEARCH_PATHS = "$(inherited) @executable_path/Frameworks @loader_path/Frameworks";
				PRODUCT_NAME = "$(TARGET_NAME)";
				TEST_HOST = "$(BUILT_PRODUCTS_DIR)/DynamicCell.app/DynamicCell";
			};
			name = Release;
		};
/* End XCBuildConfiguration section */

/* Begin XCConfigurationList section */
		8C5393861B95A66E00605841 /* Build configuration list for PBXProject "DynamicCell" */ = {
			isa = XCConfigurationList;
			buildConfigurations = (
				8C5393AC1B95A66E00605841 /* Debug */,
				8C5393AD1B95A66E00605841 /* Release */,
			);
			defaultConfigurationIsVisible = 0;
			defaultConfigurationName = Release;
		};
		8C5393AE1B95A66E00605841 /* Build configuration list for PBXNativeTarget "DynamicCell" */ = {
			isa = XCConfigurationList;
			buildConfigurations = (
				8C5393AF1B95A66E00605841 /* Debug */,
				8C5393B01B95A66E00605841 /* Release */,
			);
			defaultConfigurationIsVisible = 0;
		};
		8C5393B11B95A66E00605841 /* Build configuration list for PBXNativeTarget "DynamicCellTests" */ = {
			isa = XCConfigurationList;
			buildConfigurations = (
				8C5393B21B95A66E00605841 /* Debug */,
				8C5393B31B95A66E00605841 /* Release */,
			);
			defaultConfigurationIsVisible = 0;
		};
/* End XCConfigurationList section */
	};
	rootObject = 8C5393831B95A66E00605841 /* Project object */;
}
